
Microsoft Visual Studio Solution File, Format Version 12.00
# Visual Studio Version 16
VisualStudioVersion = 16.0.29806.167
MinimumVisualStudioVersion = 10.0.40219.1
Project("{9A19103F-16F7-4668-BE54-9A1E7A4F7556}") = "BakeryApp", "BakeryApp\BakeryApp.csproj", "{137451FC-48CE-4DAB-9823-767CDB75D721}"
EndProject
Project("{9A19103F-16F7-4668-BE54-9A1E7A4F7556}") = "BakeryAppTests", "BakeryAppTests\BakeryAppTests.csproj", "{DAA2D733-2ECE-4D66-8D83-7C1DAB8899E2}"
EndProject
Global
	GlobalSection(SolutionConfigurationPlatforms) = preSolution
		Debug|Any CPU = Debug|Any CPU
		Release|Any CPU = Release|Any CPU
	EndGlobalSection
	GlobalSection(ProjectConfigurationPlatforms) = postSolution
		{137451FC-48CE-4DAB-9823-767CDB75D721}.Debug|Any CPU.ActiveCfg = Debug|Any CPU
		{137451FC-48CE-4DAB-9823-767CDB75D721}.Debug|Any CPU.Build.0 = Debug|Any CPU
		{137451FC-48CE-4DAB-9823-767CDB75D721}.Release|Any CPU.ActiveCfg = Release|Any CPU
		{137451FC-48CE-4DAB-9823-767CDB75D721}.Release|Any CPU.Build.0 = Release|Any CPU
		{DAA2D733-2ECE-4D66-8D83-7C1DAB8899E2}.Debug|Any CPU.ActiveCfg = Debug|Any CPU
		{DAA2D733-2ECE-4D66-8D83-7C1DAB8899E2}.Debug|Any CPU.Build.0 = Debug|Any CPU
		{DAA2D733-2ECE-4D66-8D83-7C1DAB8899E2}.Release|Any CPU.ActiveCfg = Release|Any CPU
		{DAA2D733-2ECE-4D66-8D83-7C1DAB8899E2}.Release|Any CPU.Build.0 = Release|Any CPU
	EndGlobalSection
	GlobalSection(SolutionProperties) = preSolution
		HideSolutionNode = FALSE
	EndGlobalSection
	GlobalSection(ExtensibilityGlobals) = postSolution
		SolutionGuid = {2145996B-8D14-4525-BBCB-610C4B5EFACE}
	EndGlobalSection
EndGlobal
